
Microsoft Visual Studio Solution File, Format Version 12.00
# Visual Studio Version 17
VisualStudioVersion = 17.10.35027.167
MinimumVisualStudioVersion = 10.0.40219.1
Project("{FAE04EC0-301F-11D3-BF4B-00C04F79EFBC}") = "ReadingFile", "ReadingFile\ReadingFile.csproj", "{A973CBFA-F31A-4B6F-B2EB-DEC17106CB82}"
EndProject
Global
	GlobalSection(SolutionConfigurationPlatforms) = preSolution
		Debug|Any CPU = Debug|Any CPU
		Release|Any CPU = Release|Any CPU
	EndGlobalSection
	GlobalSection(ProjectConfigurationPlatforms) = postSolution
		{A973CBFA-F31A-4B6F-B2EB-DEC17106CB82}.Debug|Any CPU.ActiveCfg = Debug|Any CPU
		{A973CBFA-F31A-4B6F-B2EB-DEC17106CB82}.Debug|Any CPU.Build.0 = Debug|Any CPU
		{A973CBFA-F31A-4B6F-B2EB-DEC17106CB82}.Release|Any CPU.ActiveCfg = Release|Any CPU
		{A973CBFA-F31A-4B6F-B2EB-DEC17106CB82}.Release|Any CPU.Build.0 = Release|Any CPU
	EndGlobalSection
	GlobalSection(SolutionProperties) = preSolution
		HideSolutionNode = FALSE
	EndGlobalSection
	GlobalSection(ExtensibilityGlobals) = postSolution
		SolutionGuid = {3623130C-31AF-4CA5-B84C-480BAD01688B}
	EndGlobalSection
EndGlobal
